{
	"name": "bit",
	"version": "1.0.0",
	"lockfileVersion": 2,
	"requires": true,
	"packages": {
		"": {
			"version": "1.0.0",
			"license": "ISC",
			"dependencies": {
				"discord.js": "^12.5.3",
				"fs": "^0.0.1-security",
				"quick.db": "^7.1.3"
			}
		},
		"node_modules/@discordjs/collection": {
			"version": "0.1.6",
			"license": "Apache-2.0"
		},
		"node_modules/@discordjs/form-data": {
			"version": "3.0.1",
			"license": "MIT",
			"dependencies": {
				"asynckit": "^0.4.0",
				"combined-stream": "^1.0.8",
				"mime-types": "^2.1.12"
			},
			"engines": {
				"node": ">= 6"
			}
		},
		"node_modules/abort-controller": {
			"version": "3.0.0",
			"license": "MIT",
			"dependencies": {
				"event-target-shim": "^5.0.0"
			},
			"engines": {
				"node": ">=6.5"
			}
		},
		"node_modules/aproba": {
			"version": "1.2.0",
			"license": "ISC"
		},
		"node_modules/are-we-there-yet": {
			"version": "1.1.5",
			"license": "ISC",
			"dependencies": {
				"delegates": "^1.0.0",
				"readable-stream": "^2.0.6"
			}
		},
		"node_modules/asynckit": {
			"version": "0.4.0",
			"license": "MIT"
		},
		"node_modules/base64-js": {
			"version": "1.5.1",
			"funding": [
				{
					"type": "github",
					"url": "https://github.com/sponsors/feross"
				},
				{
					"type": "patreon",
					"url": "https://www.patreon.com/feross"
				},
				{
					"type": "consulting",
					"url": "https://feross.org/support"
				}
			],
			"license": "MIT"
		},
		"node_modules/better-sqlite3": {
			"version": "7.1.2",
			"hasInstallScript": true,
			"license": "MIT",
			"dependencies": {
				"bindings": "^1.5.0",
				"prebuild-install": "^5.3.3",
				"tar": "^6.0.5"
			}
		},
		"node_modules/bindings": {
			"version": "1.5.0",
			"license": "MIT",
			"dependencies": {
				"file-uri-to-path": "1.0.0"
			}
		},
		"node_modules/bl": {
			"version": "4.1.0",
			"license": "MIT",
			"dependencies": {
				"buffer": "^5.5.0",
				"inherits": "^2.0.4",
				"readable-stream": "^3.4.0"
			}
		},
		"node_modules/bl/node_modules/readable-stream": {
			"version": "3.6.0",
			"license": "MIT",
			"dependencies": {
				"inherits": "^2.0.3",
				"string_decoder": "^1.1.1",
				"util-deprecate": "^1.0.1"
			},
			"engines": {
				"node": ">= 6"
			}
		},
		"node_modules/buffer": {
			"version": "5.7.1",
			"funding": [
				{
					"type": "github",
					"url": "https://github.com/sponsors/feross"
				},
				{
					"type": "patreon",
					"url": "https://www.patreon.com/feross"
				},
				{
					"type": "consulting",
					"url": "https://feross.org/support"
				}
			],
			"license": "MIT",
			"dependencies": {
				"base64-js": "^1.3.1",
				"ieee754": "^1.1.13"
			}
		},
		"node_modules/chownr": {
			"version": "2.0.0",
			"license": "ISC",
			"engines": {
				"node": ">=10"
			}
		},
		"node_modules/code-point-at": {
			"version": "1.1.0",
			"license": "MIT",
			"engines": {
				"node": ">=0.10.0"
			}
		},
		"node_modules/combined-stream": {
			"version": "1.0.8",
			"license": "MIT",
			"dependencies": {
				"delayed-stream": "~1.0.0"
			},
			"engines": {
				"node": ">= 0.8"
			}
		},
		"node_modules/console-control-strings": {
			"version": "1.1.0",
			"license": "ISC"
		},
		"node_modules/core-util-is": {
			"version": "1.0.2",
			"license": "MIT"
		},
		"node_modules/deep-extend": {
			"version": "0.6.0",
			"license": "MIT",
			"engines": {
				"node": ">=4.0.0"
			}
		},
		"node_modules/delayed-stream": {
			"version": "1.0.0",
			"license": "MIT",
			"engines": {
				"node": ">=0.4.0"
			}
		},
		"node_modules/delegates": {
			"version": "1.0.0",
			"license": "MIT"
		},
		"node_modules/detect-libc": {
			"version": "1.0.3",
			"license": "Apache-2.0",
			"bin": {
				"detect-libc": "bin/detect-libc.js"
			},
			"engines": {
				"node": ">=0.10"
			}
		},
		"node_modules/discord.js": {
			"version": "12.5.3",
			"resolved": "https://registry.npmjs.org/discord.js/-/discord.js-12.5.3.tgz",
			"integrity": "sha512-D3nkOa/pCkNyn6jLZnAiJApw2N9XrIsXUAdThf01i7yrEuqUmDGc7/CexVWwEcgbQR97XQ+mcnqJpmJ/92B4Aw==",
			"dependencies": {
				"@discordjs/collection": "^0.1.6",
				"@discordjs/form-data": "^3.0.1",
				"abort-controller": "^3.0.0",
				"node-fetch": "^2.6.1",
				"prism-media": "^1.2.9",
				"setimmediate": "^1.0.5",
				"tweetnacl": "^1.0.3",
				"ws": "^7.4.4"
			},
			"engines": {
				"node": ">=12.0.0"
			}
		},
		"node_modules/end-of-stream": {
			"version": "1.4.4",
			"license": "MIT",
			"dependencies": {
				"once": "^1.4.0"
			}
		},
		"node_modules/event-target-shim": {
			"version": "5.0.1",
			"license": "MIT",
			"engines": {
				"node": ">=6"
			}
		},
		"node_modules/expand-template": {
			"version": "2.0.3",
			"license": "(MIT OR WTFPL)",
			"engines": {
				"node": ">=6"
			}
		},
		"node_modules/file-uri-to-path": {
			"version": "1.0.0",
			"license": "MIT"
		},
		"node_modules/fs": {
			"version": "0.0.1-security",
			"license": "ISC"
		},
		"node_modules/fs-constants": {
			"version": "1.0.0",
			"license": "MIT"
		},
		"node_modules/fs-minipass": {
			"version": "2.1.0",
			"license": "ISC",
			"dependencies": {
				"minipass": "^3.0.0"
			},
			"engines": {
				"node": ">= 8"
			}
		},
		"node_modules/gauge": {
			"version": "2.7.4",
			"license": "ISC",
			"dependencies": {
				"aproba": "^1.0.3",
				"console-control-strings": "^1.0.0",
				"has-unicode": "^2.0.0",
				"object-assign": "^4.1.0",
				"signal-exit": "^3.0.0",
				"string-width": "^1.0.1",
				"strip-ansi": "^3.0.1",
				"wide-align": "^1.1.0"
			}
		},
		"node_modules/gauge/node_modules/ansi-regex": {
			"version": "2.1.1",
			"license": "MIT",
			"engines": {
				"node": ">=0.10.0"
			}
		},
		"node_modules/gauge/node_modules/is-fullwidth-code-point": {
			"version": "1.0.0",
			"license": "MIT",
			"dependencies": {
				"number-is-nan": "^1.0.0"
			},
			"engines": {
				"node": ">=0.10.0"
			}
		},
		"node_modules/gauge/node_modules/string-width": {
			"version": "1.0.2",
			"license": "MIT",
			"dependencies": {
				"code-point-at": "^1.0.0",
				"is-fullwidth-code-point": "^1.0.0",
				"strip-ansi": "^3.0.0"
			},
			"engines": {
				"node": ">=0.10.0"
			}
		},
		"node_modules/gauge/node_modules/strip-ansi": {
			"version": "3.0.1",
			"license": "MIT",
			"dependencies": {
				"ansi-regex": "^2.0.0"
			},
			"engines": {
				"node": ">=0.10.0"
			}
		},
		"node_modules/github-from-package": {
			"version": "0.0.0",
			"license": "MIT"
		},
		"node_modules/has-unicode": {
			"version": "2.0.1",
			"license": "ISC"
		},
		"node_modules/ieee754": {
			"version": "1.2.1",
			"funding": [
				{
					"type": "github",
					"url": "https://github.com/sponsors/feross"
				},
				{
					"type": "patreon",
					"url": "https://www.patreon.com/feross"
				},
				{
					"type": "consulting",
					"url": "https://feross.org/support"
				}
			],
			"license": "BSD-3-Clause"
		},
		"node_modules/inherits": {
			"version": "2.0.4",
			"license": "ISC"
		},
		"node_modules/ini": {
			"version": "1.3.7",
			"license": "ISC"
		},
		"node_modules/isarray": {
			"version": "1.0.0",
			"license": "MIT"
		},
		"node_modules/lodash": {
			"version": "4.17.21",
			"license": "MIT"
		},
		"node_modules/mime-db": {
			"version": "1.46.0",
			"license": "MIT",
			"engines": {
				"node": ">= 0.6"
			}
		},
		"node_modules/mime-types": {
			"version": "2.1.29",
			"license": "MIT",
			"dependencies": {
				"mime-db": "1.46.0"
			},
			"engines": {
				"node": ">= 0.6"
			}
		},
		"node_modules/minimist": {
			"version": "1.2.5",
			"license": "MIT"
		},
		"node_modules/minipass": {
			"version": "3.1.3",
			"license": "ISC",
			"dependencies": {
				"yallist": "^4.0.0"
			},
			"engines": {
				"node": ">=8"
			}
		},
		"node_modules/minizlib": {
			"version": "2.1.2",
			"license": "MIT",
			"dependencies": {
				"minipass": "^3.0.0",
				"yallist": "^4.0.0"
			},
			"engines": {
				"node": ">= 8"
			}
		},
		"node_modules/mkdirp": {
			"version": "1.0.4",
			"license": "MIT",
			"bin": {
				"mkdirp": "bin/cmd.js"
			},
			"engines": {
				"node": ">=10"
			}
		},
		"node_modules/mkdirp-classic": {
			"version": "0.5.3",
			"license": "MIT"
		},
		"node_modules/napi-build-utils": {
			"version": "1.0.2",
			"license": "MIT"
		},
		"node_modules/node-abi": {
			"version": "2.21.0",
			"license": "MIT",
			"dependencies": {
				"semver": "^5.4.1"
			}
		},
		"node_modules/node-fetch": {
			"version": "2.6.1",
			"license": "MIT",
			"engines": {
				"node": "4.x || >=6.0.0"
			}
		},
		"node_modules/noop-logger": {
			"version": "0.1.1",
			"license": "MIT"
		},
		"node_modules/npmlog": {
			"version": "4.1.2",
			"license": "ISC",
			"dependencies": {
				"are-we-there-yet": "~1.1.2",
				"console-control-strings": "~1.1.0",
				"gauge": "~2.7.3",
				"set-blocking": "~2.0.0"
			}
		},
		"node_modules/number-is-nan": {
			"version": "1.0.1",
			"license": "MIT",
			"engines": {
				"node": ">=0.10.0"
			}
		},
		"node_modules/object-assign": {
			"version": "4.1.1",
			"license": "MIT",
			"engines": {
				"node": ">=0.10.0"
			}
		},
		"node_modules/once": {
			"version": "1.4.0",
			"license": "ISC",
			"dependencies": {
				"wrappy": "1"
			}
		},
		"node_modules/prebuild-install": {
			"version": "5.3.6",
			"license": "MIT",
			"dependencies": {
				"detect-libc": "^1.0.3",
				"expand-template": "^2.0.3",
				"github-from-package": "0.0.0",
				"minimist": "^1.2.3",
				"mkdirp-classic": "^0.5.3",
				"napi-build-utils": "^1.0.1",
				"node-abi": "^2.7.0",
				"noop-logger": "^0.1.1",
				"npmlog": "^4.0.1",
				"pump": "^3.0.0",
				"rc": "^1.2.7",
				"simple-get": "^3.0.3",
				"tar-fs": "^2.0.0",
				"tunnel-agent": "^0.6.0",
				"which-pm-runs": "^1.0.0"
			},
			"bin": {
				"prebuild-install": "bin.js"
			},
			"engines": {
				"node": ">=6"
			}
		},
		"node_modules/prism-media": {
			"version": "1.2.9",
			"license": "Apache-2.0",
			"peerDependencies": {
				"@discordjs/opus": "^0.5.0",
				"ffmpeg-static": "^4.2.7 || ^3.0.0 || ^2.4.0",
				"node-opus": "^0.3.3",
				"opusscript": "^0.0.8"
			},
			"peerDependenciesMeta": {
				"@discordjs/opus": {
					"optional": true
				},
				"ffmpeg-static": {
					"optional": true
				},
				"node-opus": {
					"optional": true
				},
				"opusscript": {
					"optional": true
				}
			}
		},
		"node_modules/process-nextick-args": {
			"version": "2.0.1",
			"license": "MIT"
		},
		"node_modules/pump": {
			"version": "3.0.0",
			"license": "MIT",
			"dependencies": {
				"end-of-stream": "^1.1.0",
				"once": "^1.3.1"
			}
		},
		"node_modules/quick.db": {
			"version": "7.1.3",
			"license": "MIT",
			"dependencies": {
				"better-sqlite3": "^7.1.1",
				"lodash": "^4.17.20"
			}
		},
		"node_modules/rc": {
			"version": "1.2.8",
			"license": "(BSD-2-Clause OR MIT OR Apache-2.0)",
			"dependencies": {
				"deep-extend": "^0.6.0",
				"ini": "~1.3.0",
				"minimist": "^1.2.0",
				"strip-json-comments": "~2.0.1"
			},
			"bin": {
				"rc": "cli.js"
			}
		},
		"node_modules/readable-stream": {
			"version": "2.3.7",
			"license": "MIT",
			"dependencies": {
				"core-util-is": "~1.0.0",
				"inherits": "~2.0.3",
				"isarray": "~1.0.0",
				"process-nextick-args": "~2.0.0",
				"safe-buffer": "~5.1.1",
				"string_decoder": "~1.1.1",
				"util-deprecate": "~1.0.1"
			}
		},
		"node_modules/safe-buffer": {
			"version": "5.1.2",
			"license": "MIT"
		},
		"node_modules/semver": {
			"version": "5.7.1",
			"license": "ISC",
			"bin": {
				"semver": "bin/semver"
			}
		},
		"node_modules/set-blocking": {
			"version": "2.0.0",
			"license": "ISC"
		},
		"node_modules/setimmediate": {
			"version": "1.0.5",
			"license": "MIT"
		},
		"node_modules/signal-exit": {
			"version": "3.0.3",
			"license": "ISC"
		},
		"node_modules/simple-concat": {
			"version": "1.0.1",
			"funding": [
				{
					"type": "github",
					"url": "https://github.com/sponsors/feross"
				},
				{
					"type": "patreon",
					"url": "https://www.patreon.com/feross"
				},
				{
					"type": "consulting",
					"url": "https://feross.org/support"
				}
			],
			"license": "MIT"
		},
		"node_modules/simple-get": {
			"version": "3.1.0",
			"license": "MIT",
			"dependencies": {
				"decompress-response": "^4.2.0",
				"once": "^1.3.1",
				"simple-concat": "^1.0.0"
			}
		},
		"node_modules/simple-get/node_modules/decompress-response": {
			"version": "4.2.1",
			"license": "MIT",
			"dependencies": {
				"mimic-response": "^2.0.0"
			},
			"engines": {
				"node": ">=8"
			}
		},
		"node_modules/simple-get/node_modules/mimic-response": {
			"version": "2.1.0",
			"license": "MIT",
			"engines": {
				"node": ">=8"
			},
			"funding": {
				"url": "https://github.com/sponsors/sindresorhus"
			}
		},
		"node_modules/string_decoder": {
			"version": "1.1.1",
			"license": "MIT",
			"dependencies": {
				"safe-buffer": "~5.1.0"
			}
		},
		"node_modules/strip-json-comments": {
			"version": "2.0.1",
			"license": "MIT",
			"engines": {
				"node": ">=0.10.0"
			}
		},
		"node_modules/tar": {
			"version": "6.1.0",
			"license": "ISC",
			"dependencies": {
				"chownr": "^2.0.0",
				"fs-minipass": "^2.0.0",
				"minipass": "^3.0.0",
				"minizlib": "^2.1.1",
				"mkdirp": "^1.0.3",
				"yallist": "^4.0.0"
			},
			"engines": {
				"node": ">= 10"
			}
		},
		"node_modules/tar-fs": {
			"version": "2.1.1",
			"license": "MIT",
			"dependencies": {
				"chownr": "^1.1.1",
				"mkdirp-classic": "^0.5.2",
				"pump": "^3.0.0",
				"tar-stream": "^2.1.4"
			}
		},
		"node_modules/tar-fs/node_modules/chownr": {
			"version": "1.1.4",
			"license": "ISC"
		},
		"node_modules/tar-stream": {
			"version": "2.2.0",
			"license": "MIT",
			"dependencies": {
				"bl": "^4.0.3",
				"end-of-stream": "^1.4.1",
				"fs-constants": "^1.0.0",
				"inherits": "^2.0.3",
				"readable-stream": "^3.1.1"
			},
			"engines": {
				"node": ">=6"
			}
		},
		"node_modules/tar-stream/node_modules/readable-stream": {
			"version": "3.6.0",
			"license": "MIT",
			"dependencies": {
				"inherits": "^2.0.3",
				"string_decoder": "^1.1.1",
				"util-deprecate": "^1.0.1"
			},
			"engines": {
				"node": ">= 6"
			}
		},
		"node_modules/tunnel-agent": {
			"version": "0.6.0",
			"license": "Apache-2.0",
			"dependencies": {
				"safe-buffer": "^5.0.1"
			},
			"engines": {
				"node": "*"
			}
		},
		"node_modules/tweetnacl": {
			"version": "1.0.3",
			"license": "Unlicense"
		},
		"node_modules/util-deprecate": {
			"version": "1.0.2",
			"license": "MIT"
		},
		"node_modules/which-pm-runs": {
			"version": "1.0.0",
			"license": "MIT"
		},
		"node_modules/wide-align": {
			"version": "1.1.3",
			"license": "ISC",
			"dependencies": {
				"string-width": "^1.0.2 || 2"
			}
		},
		"node_modules/wide-align/node_modules/ansi-regex": {
			"version": "3.0.0",
			"license": "MIT",
			"engines": {
				"node": ">=4"
			}
		},
		"node_modules/wide-align/node_modules/is-fullwidth-code-point": {
			"version": "2.0.0",
			"license": "MIT",
			"engines": {
				"node": ">=4"
			}
		},
		"node_modules/wide-align/node_modules/string-width": {
			"version": "2.1.1",
			"license": "MIT",
			"dependencies": {
				"is-fullwidth-code-point": "^2.0.0",
				"strip-ansi": "^4.0.0"
			},
			"engines": {
				"node": ">=4"
			}
		},
		"node_modules/wide-align/node_modules/strip-ansi": {
			"version": "4.0.0",
			"license": "MIT",
			"dependencies": {
				"ansi-regex": "^3.0.0"
			},
			"engines": {
				"node": ">=4"
			}
		},
		"node_modules/wrappy": {
			"version": "1.0.2",
			"license": "ISC"
		},
		"node_modules/ws": {
			"version": "7.4.4",
			"license": "MIT",
			"engines": {
				"node": ">=8.3.0"
			},
			"peerDependencies": {
				"bufferutil": "^4.0.1",
				"utf-8-validate": "^5.0.2"
			},
			"peerDependenciesMeta": {
				"bufferutil": {
					"optional": true
				},
				"utf-8-validate": {
					"optional": true
				}
			}
		},
		"node_modules/yallist": {
			"version": "4.0.0",
			"license": "ISC"
		}
	},
	"dependencies": {
		"@discordjs/collection": {
			"version": "0.1.6"
		},
		"@discordjs/form-data": {
			"version": "3.0.1",
			"requires": {
				"asynckit": "^0.4.0",
				"combined-stream": "^1.0.8",
				"mime-types": "^2.1.12"
			}
		},
		"abort-controller": {
			"version": "3.0.0",
			"requires": {
				"event-target-shim": "^5.0.0"
			}
		},
		"aproba": {
			"version": "1.2.0"
		},
		"are-we-there-yet": {
			"version": "1.1.5",
			"requires": {
				"delegates": "^1.0.0",
				"readable-stream": "^2.0.6"
			}
		},
		"asynckit": {
			"version": "0.4.0"
		},
		"base64-js": {
			"version": "1.5.1"
		},
		"better-sqlite3": {
			"version": "7.1.2",
			"requires": {
				"bindings": "^1.5.0",
				"prebuild-install": "^5.3.3",
				"tar": "^6.0.5"
			}
		},
		"bindings": {
			"version": "1.5.0",
			"requires": {
				"file-uri-to-path": "1.0.0"
			}
		},
		"bl": {
			"version": "4.1.0",
			"requires": {
				"buffer": "^5.5.0",
				"inherits": "^2.0.4",
				"readable-stream": "^3.4.0"
			},
			"dependencies": {
				"readable-stream": {
					"version": "3.6.0",
					"requires": {
						"inherits": "^2.0.3",
						"string_decoder": "^1.1.1",
						"util-deprecate": "^1.0.1"
					}
				}
			}
		},
		"buffer": {
			"version": "5.7.1",
			"requires": {
				"base64-js": "^1.3.1",
				"ieee754": "^1.1.13"
			}
		},
		"chownr": {
			"version": "2.0.0"
		},
		"code-point-at": {
			"version": "1.1.0"
		},
		"combined-stream": {
			"version": "1.0.8",
			"requires": {
				"delayed-stream": "~1.0.0"
			}
		},
		"console-control-strings": {
			"version": "1.1.0"
		},
		"core-util-is": {
			"version": "1.0.2"
		},
		"deep-extend": {
			"version": "0.6.0"
		},
		"delayed-stream": {
			"version": "1.0.0"
		},
		"delegates": {
			"version": "1.0.0"
		},
		"detect-libc": {
			"version": "1.0.3"
		},
		"discord.js": {
			"version": "12.5.3",
			"resolved": "https://registry.npmjs.org/discord.js/-/discord.js-12.5.3.tgz",
			"integrity": "sha512-D3nkOa/pCkNyn6jLZnAiJApw2N9XrIsXUAdThf01i7yrEuqUmDGc7/CexVWwEcgbQR97XQ+mcnqJpmJ/92B4Aw==",
			"requires": {
				"@discordjs/collection": "^0.1.6",
				"@discordjs/form-data": "^3.0.1",
				"abort-controller": "^3.0.0",
				"node-fetch": "^2.6.1",
				"prism-media": "^1.2.9",
				"setimmediate": "^1.0.5",
				"tweetnacl": "^1.0.3",
				"ws": "^7.4.4"
			}
		},
		"end-of-stream": {
			"version": "1.4.4",
			"requires": {
				"once": "^1.4.0"
			}
		},
		"event-target-shim": {
			"version": "5.0.1"
		},
		"expand-template": {
			"version": "2.0.3"
		},
		"file-uri-to-path": {
			"version": "1.0.0"
		},
		"fs": {
			"version": "0.0.1-security"
		},
		"fs-constants": {
			"version": "1.0.0"
		},
		"fs-minipass": {
			"version": "2.1.0",
			"requires": {
				"minipass": "^3.0.0"
			}
		},
		"gauge": {
			"version": "2.7.4",
			"requires": {
				"aproba": "^1.0.3",
				"console-control-strings": "^1.0.0",
				"has-unicode": "^2.0.0",
				"object-assign": "^4.1.0",
				"signal-exit": "^3.0.0",
				"string-width": "^1.0.1",
				"strip-ansi": "^3.0.1",
				"wide-align": "^1.1.0"
			},
			"dependencies": {
				"ansi-regex": {
					"version": "2.1.1"
				},
				"is-fullwidth-code-point": {
					"version": "1.0.0",
					"requires": {
						"number-is-nan": "^1.0.0"
					}
				},
				"string-width": {
					"version": "1.0.2",
					"requires": {
						"code-point-at": "^1.0.0",
						"is-fullwidth-code-point": "^1.0.0",
						"strip-ansi": "^3.0.0"
					}
				},
				"strip-ansi": {
					"version": "3.0.1",
					"requires": {
						"ansi-regex": "^2.0.0"
					}
				}
			}
		},
		"github-from-package": {
			"version": "0.0.0"
		},
		"has-unicode": {
			"version": "2.0.1"
		},
		"ieee754": {
			"version": "1.2.1"
		},
		"inherits": {
			"version": "2.0.4"
		},
		"ini": {
			"version": "1.3.7"
		},
		"isarray": {
			"version": "1.0.0"
		},
		"lodash": {
			"version": "4.17.21"
		},
		"mime-db": {
			"version": "1.46.0"
		},
		"mime-types": {
			"version": "2.1.29",
			"requires": {
				"mime-db": "1.46.0"
			}
		},
		"minimist": {
			"version": "1.2.5"
		},
		"minipass": {
			"version": "3.1.3",
			"requires": {
				"yallist": "^4.0.0"
			}
		},
		"minizlib": {
			"version": "2.1.2",
			"requires": {
				"minipass": "^3.0.0",
				"yallist": "^4.0.0"
			}
		},
		"mkdirp": {
			"version": "1.0.4"
		},
		"mkdirp-classic": {
			"version": "0.5.3"
		},
		"napi-build-utils": {
			"version": "1.0.2"
		},
		"node-abi": {
			"version": "2.21.0",
			"requires": {
				"semver": "^5.4.1"
			}
		},
		"node-fetch": {
			"version": "2.6.1"
		},
		"noop-logger": {
			"version": "0.1.1"
		},
		"npmlog": {
			"version": "4.1.2",
			"requires": {
				"are-we-there-yet": "~1.1.2",
				"console-control-strings": "~1.1.0",
				"gauge": "~2.7.3",
				"set-blocking": "~2.0.0"
			}
		},
		"number-is-nan": {
			"version": "1.0.1"
		},
		"object-assign": {
			"version": "4.1.1"
		},
		"once": {
			"version": "1.4.0",
			"requires": {
				"wrappy": "1"
			}
		},
		"prebuild-install": {
			"version": "5.3.6",
			"requires": {
				"detect-libc": "^1.0.3",
				"expand-template": "^2.0.3",
				"github-from-package": "0.0.0",
				"minimist": "^1.2.3",
				"mkdirp-classic": "^0.5.3",
				"napi-build-utils": "^1.0.1",
				"node-abi": "^2.7.0",
				"noop-logger": "^0.1.1",
				"npmlog": "^4.0.1",
				"pump": "^3.0.0",
				"rc": "^1.2.7",
				"simple-get": "^3.0.3",
				"tar-fs": "^2.0.0",
				"tunnel-agent": "^0.6.0",
				"which-pm-runs": "^1.0.0"
			}
		},
		"prism-media": {
			"version": "1.2.9",
			"requires": {}
		},
		"process-nextick-args": {
			"version": "2.0.1"
		},
		"pump": {
			"version": "3.0.0",
			"requires": {
				"end-of-stream": "^1.1.0",
				"once": "^1.3.1"
			}
		},
		"quick.db": {
			"version": "7.1.3",
			"requires": {
				"better-sqlite3": "^7.1.1",
				"lodash": "^4.17.20"
			}
		},
		"rc": {
			"version": "1.2.8",
			"requires": {
				"deep-extend": "^0.6.0",
				"ini": "~1.3.0",
				"minimist": "^1.2.0",
				"strip-json-comments": "~2.0.1"
			}
		},
		"readable-stream": {
			"version": "2.3.7",
			"requires": {
				"core-util-is": "~1.0.0",
				"inherits": "~2.0.3",
				"isarray": "~1.0.0",
				"process-nextick-args": "~2.0.0",
				"safe-buffer": "~5.1.1",
				"string_decoder": "~1.1.1",
				"util-deprecate": "~1.0.1"
			}
		},
		"safe-buffer": {
			"version": "5.1.2"
		},
		"semver": {
			"version": "5.7.1"
		},
		"set-blocking": {
			"version": "2.0.0"
		},
		"setimmediate": {
			"version": "1.0.5"
		},
		"signal-exit": {
			"version": "3.0.3"
		},
		"simple-concat": {
			"version": "1.0.1"
		},
		"simple-get": {
			"version": "3.1.0",
			"requires": {
				"decompress-response": "^4.2.0",
				"once": "^1.3.1",
				"simple-concat": "^1.0.0"
			},
			"dependencies": {
				"decompress-response": {
					"version": "4.2.1",
					"requires": {
						"mimic-response": "^2.0.0"
					}
				},
				"mimic-response": {
					"version": "2.1.0"
				}
			}
		},
		"string_decoder": {
			"version": "1.1.1",
			"requires": {
				"safe-buffer": "~5.1.0"
			}
		},
		"strip-json-comments": {
			"version": "2.0.1"
		},
		"tar": {
			"version": "6.1.0",
			"requires": {
				"chownr": "^2.0.0",
				"fs-minipass": "^2.0.0",
				"minipass": "^3.0.0",
				"minizlib": "^2.1.1",
				"mkdirp": "^1.0.3",
				"yallist": "^4.0.0"
			}
		},
		"tar-fs": {
			"version": "2.1.1",
			"requires": {
				"chownr": "^1.1.1",
				"mkdirp-classic": "^0.5.2",
				"pump": "^3.0.0",
				"tar-stream": "^2.1.4"
			},
			"dependencies": {
				"chownr": {
					"version": "1.1.4"
				}
			}
		},
		"tar-stream": {
			"version": "2.2.0",
			"requires": {
				"bl": "^4.0.3",
				"end-of-stream": "^1.4.1",
				"fs-constants": "^1.0.0",
				"inherits": "^2.0.3",
				"readable-stream": "^3.1.1"
			},
			"dependencies": {
				"readable-stream": {
					"version": "3.6.0",
					"requires": {
						"inherits": "^2.0.3",
						"string_decoder": "^1.1.1",
						"util-deprecate": "^1.0.1"
					}
				}
			}
		},
		"tunnel-agent": {
			"version": "0.6.0",
			"requires": {
				"safe-buffer": "^5.0.1"
			}
		},
		"tweetnacl": {
			"version": "1.0.3"
		},
		"util-deprecate": {
			"version": "1.0.2"
		},
		"which-pm-runs": {
			"version": "1.0.0"
		},
		"wide-align": {
			"version": "1.1.3",
			"requires": {
				"string-width": "^1.0.2 || 2"
			},
			"dependencies": {
				"ansi-regex": {
					"version": "3.0.0"
				},
				"is-fullwidth-code-point": {
					"version": "2.0.0"
				},
				"string-width": {
					"version": "2.1.1",
					"requires": {
						"is-fullwidth-code-point": "^2.0.0",
						"strip-ansi": "^4.0.0"
					}
				},
				"strip-ansi": {
					"version": "4.0.0",
					"requires": {
						"ansi-regex": "^3.0.0"
					}
				}
			}
		},
		"wrappy": {
			"version": "1.0.2"
		},
		"ws": {
			"version": "7.4.4",
			"requires": {}
		},
		"yallist": {
			"version": "4.0.0"
		}
	}
}
